
Microsoft Visual Studio Solution File, Format Version 12.00
# Visual Studio Version 17
VisualStudioVersion = 17.11.35312.102
MinimumVisualStudioVersion = 10.0.40219.1
Project("{8BC9CEB8-8B4A-11D0-8D11-00A0C91BC942}") = "jitcc", "jitcc.vcxproj", "{27C6DE4B-1F36-4570-90CF-93326A1DFC3E}"
EndProject
Global
	GlobalSection(SolutionConfigurationPlatforms) = preSolution
		Debug|x64 = Debug|x64
		Release (Tracy)|x64 = Release (Tracy)|x64
		Release|x64 = Release|x64
	EndGlobalSection
	GlobalSection(ProjectConfigurationPlatforms) = postSolution
		{27C6DE4B-1F36-4570-90CF-93326A1DFC3E}.Debug|x64.ActiveCfg = Debug|x64
		{27C6DE4B-1F36-4570-90CF-93326A1DFC3E}.Debug|x64.Build.0 = Debug|x64
		{27C6DE4B-1F36-4570-90CF-93326A1DFC3E}.Release (Tracy)|x64.ActiveCfg = Release (Tracy)|x64
		{27C6DE4B-1F36-4570-90CF-93326A1DFC3E}.Release (Tracy)|x64.Build.0 = Release (Tracy)|x64
		{27C6DE4B-1F36-4570-90CF-93326A1DFC3E}.Release|x64.ActiveCfg = Release|x64
		{27C6DE4B-1F36-4570-90CF-93326A1DFC3E}.Release|x64.Build.0 = Release|x64
	EndGlobalSection
	GlobalSection(SolutionProperties) = preSolution
		HideSolutionNode = FALSE
	EndGlobalSection
	GlobalSection(ExtensibilityGlobals) = postSolution
		SolutionGuid = {13CA1237-183E-44DF-9C1E-14A5CDE7ECDD}
	EndGlobalSection
EndGlobal
